
Microsoft Visual Studio Solution File, Format Version 12.00
# Visual Studio Version 16
VisualStudioVersion = 16.0.32228.343
MinimumVisualStudioVersion = 10.0.40219.1
Project("{FAE04EC0-301F-11D3-BF4B-00C04F79EFBC}") = "KIT206-Assignment2", "KIT206-Assignment2\KIT206-Assignment2.csproj", "{6307CF64-7A76-4BD8-A3D8-240F9313EEED}"
EndProject
Global
	GlobalSection(SolutionConfigurationPlatforms) = preSolution
		Debug|Any CPU = Debug|Any CPU
		Release|Any CPU = Release|Any CPU
	EndGlobalSection
	GlobalSection(ProjectConfigurationPlatforms) = postSolution
		{6307CF64-7A76-4BD8-A3D8-240F9313EEED}.Debug|Any CPU.ActiveCfg = Debug|Any CPU
		{6307CF64-7A76-4BD8-A3D8-240F9313EEED}.Debug|Any CPU.Build.0 = Debug|Any CPU
		{6307CF64-7A76-4BD8-A3D8-240F9313EEED}.Release|Any CPU.ActiveCfg = Release|Any CPU
		{6307CF64-7A76-4BD8-A3D8-240F9313EEED}.Release|Any CPU.Build.0 = Release|Any CPU
	EndGlobalSection
	GlobalSection(SolutionProperties) = preSolution
		HideSolutionNode = FALSE
	EndGlobalSection
	GlobalSection(ExtensibilityGlobals) = postSolution
		SolutionGuid = {77A72831-B2CA-452E-935C-BEB15F3228BD}
	EndGlobalSection
EndGlobal
